
Microsoft Visual Studio Solution File, Format Version 12.00
# Visual Studio 15
VisualStudioVersion = 15.0.26124.0
MinimumVisualStudioVersion = 15.0.26124.0
Project("{2150E333-8FDC-42A3-9474-1A3956D46DE8}") = "src", "src", "{95EAE483-FA94-4845-890C-2D96020C4900}"
EndProject
Project("{FAE04EC0-301F-11D3-BF4B-00C04F79EFBC}") = "Etdb.MessagingService.Bootstrap", "src\Etdb.MessagingService.Bootstrap\Etdb.MessagingService.Bootstrap.csproj", "{FA80F9C7-D43A-483B-8594-5AC83C81FB66}"
EndProject
Project("{2150E333-8FDC-42A3-9474-1A3956D46DE8}") = "test", "test", "{7EFB81B0-4C92-449A-BD54-7033A131D97A}"
EndProject
Project("{FAE04EC0-301F-11D3-BF4B-00C04F79EFBC}") = "Etdb.MessagingService.Controllers", "src\Etdb.MessagingService.Controllers\Etdb.MessagingService.Controllers.csproj", "{C1D7121C-FF8E-40F0-BCE2-DB768AFB536E}"
EndProject
Project("{2150E333-8FDC-42A3-9474-1A3956D46DE8}") = "misc", "misc", "{CB25A996-8849-467C-A139-593476C5FF95}"
ProjectSection(SolutionItems) = preProject
	src\Directory.Build.props = src\Directory.Build.props
EndProjectSection
EndProject
Global
	GlobalSection(SolutionConfigurationPlatforms) = preSolution
		Debug|Any CPU = Debug|Any CPU
		Debug|x64 = Debug|x64
		Debug|x86 = Debug|x86
		Release|Any CPU = Release|Any CPU
		Release|x64 = Release|x64
		Release|x86 = Release|x86
	EndGlobalSection
	GlobalSection(SolutionProperties) = preSolution
		HideSolutionNode = FALSE
	EndGlobalSection
	GlobalSection(ProjectConfigurationPlatforms) = postSolution
		{FA80F9C7-D43A-483B-8594-5AC83C81FB66}.Debug|Any CPU.ActiveCfg = Debug|Any CPU
		{FA80F9C7-D43A-483B-8594-5AC83C81FB66}.Debug|Any CPU.Build.0 = Debug|Any CPU
		{FA80F9C7-D43A-483B-8594-5AC83C81FB66}.Debug|x64.ActiveCfg = Debug|Any CPU
		{FA80F9C7-D43A-483B-8594-5AC83C81FB66}.Debug|x64.Build.0 = Debug|Any CPU
		{FA80F9C7-D43A-483B-8594-5AC83C81FB66}.Debug|x86.ActiveCfg = Debug|Any CPU
		{FA80F9C7-D43A-483B-8594-5AC83C81FB66}.Debug|x86.Build.0 = Debug|Any CPU
		{FA80F9C7-D43A-483B-8594-5AC83C81FB66}.Release|Any CPU.ActiveCfg = Release|Any CPU
		{FA80F9C7-D43A-483B-8594-5AC83C81FB66}.Release|Any CPU.Build.0 = Release|Any CPU
		{FA80F9C7-D43A-483B-8594-5AC83C81FB66}.Release|x64.ActiveCfg = Release|Any CPU
		{FA80F9C7-D43A-483B-8594-5AC83C81FB66}.Release|x64.Build.0 = Release|Any CPU
		{FA80F9C7-D43A-483B-8594-5AC83C81FB66}.Release|x86.ActiveCfg = Release|Any CPU
		{FA80F9C7-D43A-483B-8594-5AC83C81FB66}.Release|x86.Build.0 = Release|Any CPU
		{C1D7121C-FF8E-40F0-BCE2-DB768AFB536E}.Debug|Any CPU.ActiveCfg = Debug|Any CPU
		{C1D7121C-FF8E-40F0-BCE2-DB768AFB536E}.Debug|Any CPU.Build.0 = Debug|Any CPU
		{C1D7121C-FF8E-40F0-BCE2-DB768AFB536E}.Debug|x64.ActiveCfg = Debug|Any CPU
		{C1D7121C-FF8E-40F0-BCE2-DB768AFB536E}.Debug|x64.Build.0 = Debug|Any CPU
		{C1D7121C-FF8E-40F0-BCE2-DB768AFB536E}.Debug|x86.ActiveCfg = Debug|Any CPU
		{C1D7121C-FF8E-40F0-BCE2-DB768AFB536E}.Debug|x86.Build.0 = Debug|Any CPU
		{C1D7121C-FF8E-40F0-BCE2-DB768AFB536E}.Release|Any CPU.ActiveCfg = Release|Any CPU
		{C1D7121C-FF8E-40F0-BCE2-DB768AFB536E}.Release|Any CPU.Build.0 = Release|Any CPU
		{C1D7121C-FF8E-40F0-BCE2-DB768AFB536E}.Release|x64.ActiveCfg = Release|Any CPU
		{C1D7121C-FF8E-40F0-BCE2-DB768AFB536E}.Release|x64.Build.0 = Release|Any CPU
		{C1D7121C-FF8E-40F0-BCE2-DB768AFB536E}.Release|x86.ActiveCfg = Release|Any CPU
		{C1D7121C-FF8E-40F0-BCE2-DB768AFB536E}.Release|x86.Build.0 = Release|Any CPU
	EndGlobalSection
	GlobalSection(NestedProjects) = preSolution
		{FA80F9C7-D43A-483B-8594-5AC83C81FB66} = {95EAE483-FA94-4845-890C-2D96020C4900}
		{C1D7121C-FF8E-40F0-BCE2-DB768AFB536E} = {95EAE483-FA94-4845-890C-2D96020C4900}
	EndGlobalSection
EndGlobal
