
Microsoft Visual Studio Solution File, Format Version 12.00
# Visual Studio 15
VisualStudioVersion = 15.0.26124.0
MinimumVisualStudioVersion = 15.0.26124.0
Project("{2150E333-8FDC-42A3-9474-1A3956D46DE8}") = "src", "src", "{95EAE483-FA94-4845-890C-2D96020C4900}"
EndProject
Project("{FAE04EC0-301F-11D3-BF4B-00C04F79EFBC}") = "Etdb.MessagingService.Bootstrap", "src\Etdb.MessagingService.Bootstrap\Etdb.MessagingService.Bootstrap.csproj", "{FA80F9C7-D43A-483B-8594-5AC83C81FB66}"
EndProject
Project("{2150E333-8FDC-42A3-9474-1A3956D46DE8}") = "test", "test", "{7EFB81B0-4C92-449A-BD54-7033A131D97A}"
EndProject
Project("{FAE04EC0-301F-11D3-BF4B-00C04F79EFBC}") = "Etdb.MessagingService.Controllers", "src\Etdb.MessagingService.Controllers\Etdb.MessagingService.Controllers.csproj", "{C1D7121C-FF8E-40F0-BCE2-DB768AFB536E}"
EndProject
Project("{2150E333-8FDC-42A3-9474-1A3956D46DE8}") = "misc", "misc", "{CB25A996-8849-467C-A139-593476C5FF95}"
ProjectSection(SolutionItems) = preProject
	src\Directory.Build.props = src\Directory.Build.props
	scaffold-database.sh = scaffold-database.sh
	setup-mongodb-user.sh = setup-mongodb-user.sh
	watch.sh = watch.sh
	dev_environment.md = dev_environment.md
	README.md = README.md
	LICENSE = LICENSE
	.travis.yml = .travis.yml
	run-tests.sh = run-tests.sh
EndProjectSection
EndProject
Project("{FAE04EC0-301F-11D3-BF4B-00C04F79EFBC}") = "Etdb.MessagingService.Hubs", "src\Etdb.MessagingService.Hubs\Etdb.MessagingService.Hubs.csproj", "{FB08AC33-2671-44A3-BF6E-65263A7881C4}"
EndProject
Project("{FAE04EC0-301F-11D3-BF4B-00C04F79EFBC}") = "Etdb.MessagingService.Repositories.Abstractions", "src\Etdb.MessagingService.Repositories.Abstractions\Etdb.MessagingService.Repositories.Abstractions.csproj", "{287C81EA-51AF-4540-B7D3-B7E7CC921195}"
EndProject
Project("{FAE04EC0-301F-11D3-BF4B-00C04F79EFBC}") = "Etdb.MessagingService.Repositories", "src\Etdb.MessagingService.Repositories\Etdb.MessagingService.Repositories.csproj", "{8B8B9306-141E-4579-90EE-275A94FB65B4}"
EndProject
Project("{FAE04EC0-301F-11D3-BF4B-00C04F79EFBC}") = "Etdb.MessagingService.Services.Abstractions", "src\Etdb.MessagingService.Services.Abstractions\Etdb.MessagingService.Services.Abstractions.csproj", "{1DA496DF-27FE-4337-872C-95DB7ECBA779}"
EndProject
Project("{FAE04EC0-301F-11D3-BF4B-00C04F79EFBC}") = "Etdb.MessagingService.Services", "src\Etdb.MessagingService.Services\Etdb.MessagingService.Services.csproj", "{02D6400F-A033-41A6-A02B-91EC38A4F40D}"
EndProject
Project("{FAE04EC0-301F-11D3-BF4B-00C04F79EFBC}") = "Etdb.MessagingService.Domain", "src\Etdb.MessagingService.Domain\Etdb.MessagingService.Domain.csproj", "{84DA3B80-4AB3-4A90-89D2-47938B5DA48F}"
EndProject
Project("{FAE04EC0-301F-11D3-BF4B-00C04F79EFBC}") = "Etdb.MessagingService.Presentation", "src\Etdb.MessagingService.Presentation\Etdb.MessagingService.Presentation.csproj", "{2E2E0ABE-587C-4A43-9D73-9022C2FB3836}"
EndProject
Project("{FAE04EC0-301F-11D3-BF4B-00C04F79EFBC}") = "Etdb.MessagingService.Cqrs", "src\Etdb.MessagingService.Cqrs\Etdb.MessagingService.Cqrs.csproj", "{FE45B573-D21F-4B33-89E3-C32CFC73DD7D}"
EndProject
Project("{FAE04EC0-301F-11D3-BF4B-00C04F79EFBC}") = "Etdb.MessagingService.Cqrs.Abstractions", "src\Etdb.MessagingService.Cqrs.Abstractions\Etdb.MessagingService.Cqrs.Abstractions.csproj", "{D2EE150B-0DD7-46B3-A559-C50C9100FB17}"
EndProject
Project("{FAE04EC0-301F-11D3-BF4B-00C04F79EFBC}") = "Etdb.MessagingService.AutoMapper", "src\Etdb.MessagingService.AutoMapper\Etdb.MessagingService.AutoMapper.csproj", "{FADBFA88-3332-4508-973C-AA42475CDE6D}"
EndProject
Project("{FAE04EC0-301F-11D3-BF4B-00C04F79EFBC}") = "Etdb.MessagingService.Controllers.Tests", "test\Etdb.MessagingService.Controllers.Tests\Etdb.MessagingService.Controllers.Tests.csproj", "{BBF06F77-A09D-41F3-83AD-412A478BF4DC}"
EndProject
Global
	GlobalSection(SolutionConfigurationPlatforms) = preSolution
		Debug|Any CPU = Debug|Any CPU
		Debug|x64 = Debug|x64
		Debug|x86 = Debug|x86
		Release|Any CPU = Release|Any CPU
		Release|x64 = Release|x64
		Release|x86 = Release|x86
	EndGlobalSection
	GlobalSection(SolutionProperties) = preSolution
		HideSolutionNode = FALSE
	EndGlobalSection
	GlobalSection(ProjectConfigurationPlatforms) = postSolution
		{FA80F9C7-D43A-483B-8594-5AC83C81FB66}.Debug|Any CPU.ActiveCfg = Debug|Any CPU
		{FA80F9C7-D43A-483B-8594-5AC83C81FB66}.Debug|Any CPU.Build.0 = Debug|Any CPU
		{FA80F9C7-D43A-483B-8594-5AC83C81FB66}.Debug|x64.ActiveCfg = Debug|Any CPU
		{FA80F9C7-D43A-483B-8594-5AC83C81FB66}.Debug|x64.Build.0 = Debug|Any CPU
		{FA80F9C7-D43A-483B-8594-5AC83C81FB66}.Debug|x86.ActiveCfg = Debug|Any CPU
		{FA80F9C7-D43A-483B-8594-5AC83C81FB66}.Debug|x86.Build.0 = Debug|Any CPU
		{FA80F9C7-D43A-483B-8594-5AC83C81FB66}.Release|Any CPU.ActiveCfg = Release|Any CPU
		{FA80F9C7-D43A-483B-8594-5AC83C81FB66}.Release|Any CPU.Build.0 = Release|Any CPU
		{FA80F9C7-D43A-483B-8594-5AC83C81FB66}.Release|x64.ActiveCfg = Release|Any CPU
		{FA80F9C7-D43A-483B-8594-5AC83C81FB66}.Release|x64.Build.0 = Release|Any CPU
		{FA80F9C7-D43A-483B-8594-5AC83C81FB66}.Release|x86.ActiveCfg = Release|Any CPU
		{FA80F9C7-D43A-483B-8594-5AC83C81FB66}.Release|x86.Build.0 = Release|Any CPU
		{C1D7121C-FF8E-40F0-BCE2-DB768AFB536E}.Debug|Any CPU.ActiveCfg = Debug|Any CPU
		{C1D7121C-FF8E-40F0-BCE2-DB768AFB536E}.Debug|Any CPU.Build.0 = Debug|Any CPU
		{C1D7121C-FF8E-40F0-BCE2-DB768AFB536E}.Debug|x64.ActiveCfg = Debug|Any CPU
		{C1D7121C-FF8E-40F0-BCE2-DB768AFB536E}.Debug|x64.Build.0 = Debug|Any CPU
		{C1D7121C-FF8E-40F0-BCE2-DB768AFB536E}.Debug|x86.ActiveCfg = Debug|Any CPU
		{C1D7121C-FF8E-40F0-BCE2-DB768AFB536E}.Debug|x86.Build.0 = Debug|Any CPU
		{C1D7121C-FF8E-40F0-BCE2-DB768AFB536E}.Release|Any CPU.ActiveCfg = Release|Any CPU
		{C1D7121C-FF8E-40F0-BCE2-DB768AFB536E}.Release|Any CPU.Build.0 = Release|Any CPU
		{C1D7121C-FF8E-40F0-BCE2-DB768AFB536E}.Release|x64.ActiveCfg = Release|Any CPU
		{C1D7121C-FF8E-40F0-BCE2-DB768AFB536E}.Release|x64.Build.0 = Release|Any CPU
		{C1D7121C-FF8E-40F0-BCE2-DB768AFB536E}.Release|x86.ActiveCfg = Release|Any CPU
		{C1D7121C-FF8E-40F0-BCE2-DB768AFB536E}.Release|x86.Build.0 = Release|Any CPU
		{FB08AC33-2671-44A3-BF6E-65263A7881C4}.Debug|Any CPU.ActiveCfg = Debug|Any CPU
		{FB08AC33-2671-44A3-BF6E-65263A7881C4}.Debug|Any CPU.Build.0 = Debug|Any CPU
		{FB08AC33-2671-44A3-BF6E-65263A7881C4}.Debug|x64.ActiveCfg = Debug|Any CPU
		{FB08AC33-2671-44A3-BF6E-65263A7881C4}.Debug|x64.Build.0 = Debug|Any CPU
		{FB08AC33-2671-44A3-BF6E-65263A7881C4}.Debug|x86.ActiveCfg = Debug|Any CPU
		{FB08AC33-2671-44A3-BF6E-65263A7881C4}.Debug|x86.Build.0 = Debug|Any CPU
		{FB08AC33-2671-44A3-BF6E-65263A7881C4}.Release|Any CPU.ActiveCfg = Release|Any CPU
		{FB08AC33-2671-44A3-BF6E-65263A7881C4}.Release|Any CPU.Build.0 = Release|Any CPU
		{FB08AC33-2671-44A3-BF6E-65263A7881C4}.Release|x64.ActiveCfg = Release|Any CPU
		{FB08AC33-2671-44A3-BF6E-65263A7881C4}.Release|x64.Build.0 = Release|Any CPU
		{FB08AC33-2671-44A3-BF6E-65263A7881C4}.Release|x86.ActiveCfg = Release|Any CPU
		{FB08AC33-2671-44A3-BF6E-65263A7881C4}.Release|x86.Build.0 = Release|Any CPU
		{287C81EA-51AF-4540-B7D3-B7E7CC921195}.Debug|Any CPU.ActiveCfg = Debug|Any CPU
		{287C81EA-51AF-4540-B7D3-B7E7CC921195}.Debug|Any CPU.Build.0 = Debug|Any CPU
		{287C81EA-51AF-4540-B7D3-B7E7CC921195}.Debug|x64.ActiveCfg = Debug|Any CPU
		{287C81EA-51AF-4540-B7D3-B7E7CC921195}.Debug|x64.Build.0 = Debug|Any CPU
		{287C81EA-51AF-4540-B7D3-B7E7CC921195}.Debug|x86.ActiveCfg = Debug|Any CPU
		{287C81EA-51AF-4540-B7D3-B7E7CC921195}.Debug|x86.Build.0 = Debug|Any CPU
		{287C81EA-51AF-4540-B7D3-B7E7CC921195}.Release|Any CPU.ActiveCfg = Release|Any CPU
		{287C81EA-51AF-4540-B7D3-B7E7CC921195}.Release|Any CPU.Build.0 = Release|Any CPU
		{287C81EA-51AF-4540-B7D3-B7E7CC921195}.Release|x64.ActiveCfg = Release|Any CPU
		{287C81EA-51AF-4540-B7D3-B7E7CC921195}.Release|x64.Build.0 = Release|Any CPU
		{287C81EA-51AF-4540-B7D3-B7E7CC921195}.Release|x86.ActiveCfg = Release|Any CPU
		{287C81EA-51AF-4540-B7D3-B7E7CC921195}.Release|x86.Build.0 = Release|Any CPU
		{8B8B9306-141E-4579-90EE-275A94FB65B4}.Debug|Any CPU.ActiveCfg = Debug|Any CPU
		{8B8B9306-141E-4579-90EE-275A94FB65B4}.Debug|Any CPU.Build.0 = Debug|Any CPU
		{8B8B9306-141E-4579-90EE-275A94FB65B4}.Debug|x64.ActiveCfg = Debug|Any CPU
		{8B8B9306-141E-4579-90EE-275A94FB65B4}.Debug|x64.Build.0 = Debug|Any CPU
		{8B8B9306-141E-4579-90EE-275A94FB65B4}.Debug|x86.ActiveCfg = Debug|Any CPU
		{8B8B9306-141E-4579-90EE-275A94FB65B4}.Debug|x86.Build.0 = Debug|Any CPU
		{8B8B9306-141E-4579-90EE-275A94FB65B4}.Release|Any CPU.ActiveCfg = Release|Any CPU
		{8B8B9306-141E-4579-90EE-275A94FB65B4}.Release|Any CPU.Build.0 = Release|Any CPU
		{8B8B9306-141E-4579-90EE-275A94FB65B4}.Release|x64.ActiveCfg = Release|Any CPU
		{8B8B9306-141E-4579-90EE-275A94FB65B4}.Release|x64.Build.0 = Release|Any CPU
		{8B8B9306-141E-4579-90EE-275A94FB65B4}.Release|x86.ActiveCfg = Release|Any CPU
		{8B8B9306-141E-4579-90EE-275A94FB65B4}.Release|x86.Build.0 = Release|Any CPU
		{1DA496DF-27FE-4337-872C-95DB7ECBA779}.Debug|Any CPU.ActiveCfg = Debug|Any CPU
		{1DA496DF-27FE-4337-872C-95DB7ECBA779}.Debug|Any CPU.Build.0 = Debug|Any CPU
		{1DA496DF-27FE-4337-872C-95DB7ECBA779}.Debug|x64.ActiveCfg = Debug|Any CPU
		{1DA496DF-27FE-4337-872C-95DB7ECBA779}.Debug|x64.Build.0 = Debug|Any CPU
		{1DA496DF-27FE-4337-872C-95DB7ECBA779}.Debug|x86.ActiveCfg = Debug|Any CPU
		{1DA496DF-27FE-4337-872C-95DB7ECBA779}.Debug|x86.Build.0 = Debug|Any CPU
		{1DA496DF-27FE-4337-872C-95DB7ECBA779}.Release|Any CPU.ActiveCfg = Release|Any CPU
		{1DA496DF-27FE-4337-872C-95DB7ECBA779}.Release|Any CPU.Build.0 = Release|Any CPU
		{1DA496DF-27FE-4337-872C-95DB7ECBA779}.Release|x64.ActiveCfg = Release|Any CPU
		{1DA496DF-27FE-4337-872C-95DB7ECBA779}.Release|x64.Build.0 = Release|Any CPU
		{1DA496DF-27FE-4337-872C-95DB7ECBA779}.Release|x86.ActiveCfg = Release|Any CPU
		{1DA496DF-27FE-4337-872C-95DB7ECBA779}.Release|x86.Build.0 = Release|Any CPU
		{02D6400F-A033-41A6-A02B-91EC38A4F40D}.Debug|Any CPU.ActiveCfg = Debug|Any CPU
		{02D6400F-A033-41A6-A02B-91EC38A4F40D}.Debug|Any CPU.Build.0 = Debug|Any CPU
		{02D6400F-A033-41A6-A02B-91EC38A4F40D}.Debug|x64.ActiveCfg = Debug|Any CPU
		{02D6400F-A033-41A6-A02B-91EC38A4F40D}.Debug|x64.Build.0 = Debug|Any CPU
		{02D6400F-A033-41A6-A02B-91EC38A4F40D}.Debug|x86.ActiveCfg = Debug|Any CPU
		{02D6400F-A033-41A6-A02B-91EC38A4F40D}.Debug|x86.Build.0 = Debug|Any CPU
		{02D6400F-A033-41A6-A02B-91EC38A4F40D}.Release|Any CPU.ActiveCfg = Release|Any CPU
		{02D6400F-A033-41A6-A02B-91EC38A4F40D}.Release|Any CPU.Build.0 = Release|Any CPU
		{02D6400F-A033-41A6-A02B-91EC38A4F40D}.Release|x64.ActiveCfg = Release|Any CPU
		{02D6400F-A033-41A6-A02B-91EC38A4F40D}.Release|x64.Build.0 = Release|Any CPU
		{02D6400F-A033-41A6-A02B-91EC38A4F40D}.Release|x86.ActiveCfg = Release|Any CPU
		{02D6400F-A033-41A6-A02B-91EC38A4F40D}.Release|x86.Build.0 = Release|Any CPU
		{84DA3B80-4AB3-4A90-89D2-47938B5DA48F}.Debug|Any CPU.ActiveCfg = Debug|Any CPU
		{84DA3B80-4AB3-4A90-89D2-47938B5DA48F}.Debug|Any CPU.Build.0 = Debug|Any CPU
		{84DA3B80-4AB3-4A90-89D2-47938B5DA48F}.Debug|x64.ActiveCfg = Debug|Any CPU
		{84DA3B80-4AB3-4A90-89D2-47938B5DA48F}.Debug|x64.Build.0 = Debug|Any CPU
		{84DA3B80-4AB3-4A90-89D2-47938B5DA48F}.Debug|x86.ActiveCfg = Debug|Any CPU
		{84DA3B80-4AB3-4A90-89D2-47938B5DA48F}.Debug|x86.Build.0 = Debug|Any CPU
		{84DA3B80-4AB3-4A90-89D2-47938B5DA48F}.Release|Any CPU.ActiveCfg = Release|Any CPU
		{84DA3B80-4AB3-4A90-89D2-47938B5DA48F}.Release|Any CPU.Build.0 = Release|Any CPU
		{84DA3B80-4AB3-4A90-89D2-47938B5DA48F}.Release|x64.ActiveCfg = Release|Any CPU
		{84DA3B80-4AB3-4A90-89D2-47938B5DA48F}.Release|x64.Build.0 = Release|Any CPU
		{84DA3B80-4AB3-4A90-89D2-47938B5DA48F}.Release|x86.ActiveCfg = Release|Any CPU
		{84DA3B80-4AB3-4A90-89D2-47938B5DA48F}.Release|x86.Build.0 = Release|Any CPU
		{2E2E0ABE-587C-4A43-9D73-9022C2FB3836}.Debug|Any CPU.ActiveCfg = Debug|Any CPU
		{2E2E0ABE-587C-4A43-9D73-9022C2FB3836}.Debug|Any CPU.Build.0 = Debug|Any CPU
		{2E2E0ABE-587C-4A43-9D73-9022C2FB3836}.Debug|x64.ActiveCfg = Debug|Any CPU
		{2E2E0ABE-587C-4A43-9D73-9022C2FB3836}.Debug|x64.Build.0 = Debug|Any CPU
		{2E2E0ABE-587C-4A43-9D73-9022C2FB3836}.Debug|x86.ActiveCfg = Debug|Any CPU
		{2E2E0ABE-587C-4A43-9D73-9022C2FB3836}.Debug|x86.Build.0 = Debug|Any CPU
		{2E2E0ABE-587C-4A43-9D73-9022C2FB3836}.Release|Any CPU.ActiveCfg = Release|Any CPU
		{2E2E0ABE-587C-4A43-9D73-9022C2FB3836}.Release|Any CPU.Build.0 = Release|Any CPU
		{2E2E0ABE-587C-4A43-9D73-9022C2FB3836}.Release|x64.ActiveCfg = Release|Any CPU
		{2E2E0ABE-587C-4A43-9D73-9022C2FB3836}.Release|x64.Build.0 = Release|Any CPU
		{2E2E0ABE-587C-4A43-9D73-9022C2FB3836}.Release|x86.ActiveCfg = Release|Any CPU
		{2E2E0ABE-587C-4A43-9D73-9022C2FB3836}.Release|x86.Build.0 = Release|Any CPU
		{FE45B573-D21F-4B33-89E3-C32CFC73DD7D}.Debug|Any CPU.ActiveCfg = Debug|Any CPU
		{FE45B573-D21F-4B33-89E3-C32CFC73DD7D}.Debug|Any CPU.Build.0 = Debug|Any CPU
		{FE45B573-D21F-4B33-89E3-C32CFC73DD7D}.Debug|x64.ActiveCfg = Debug|Any CPU
		{FE45B573-D21F-4B33-89E3-C32CFC73DD7D}.Debug|x64.Build.0 = Debug|Any CPU
		{FE45B573-D21F-4B33-89E3-C32CFC73DD7D}.Debug|x86.ActiveCfg = Debug|Any CPU
		{FE45B573-D21F-4B33-89E3-C32CFC73DD7D}.Debug|x86.Build.0 = Debug|Any CPU
		{FE45B573-D21F-4B33-89E3-C32CFC73DD7D}.Release|Any CPU.ActiveCfg = Release|Any CPU
		{FE45B573-D21F-4B33-89E3-C32CFC73DD7D}.Release|Any CPU.Build.0 = Release|Any CPU
		{FE45B573-D21F-4B33-89E3-C32CFC73DD7D}.Release|x64.ActiveCfg = Release|Any CPU
		{FE45B573-D21F-4B33-89E3-C32CFC73DD7D}.Release|x64.Build.0 = Release|Any CPU
		{FE45B573-D21F-4B33-89E3-C32CFC73DD7D}.Release|x86.ActiveCfg = Release|Any CPU
		{FE45B573-D21F-4B33-89E3-C32CFC73DD7D}.Release|x86.Build.0 = Release|Any CPU
		{D2EE150B-0DD7-46B3-A559-C50C9100FB17}.Debug|Any CPU.ActiveCfg = Debug|Any CPU
		{D2EE150B-0DD7-46B3-A559-C50C9100FB17}.Debug|Any CPU.Build.0 = Debug|Any CPU
		{D2EE150B-0DD7-46B3-A559-C50C9100FB17}.Debug|x64.ActiveCfg = Debug|Any CPU
		{D2EE150B-0DD7-46B3-A559-C50C9100FB17}.Debug|x64.Build.0 = Debug|Any CPU
		{D2EE150B-0DD7-46B3-A559-C50C9100FB17}.Debug|x86.ActiveCfg = Debug|Any CPU
		{D2EE150B-0DD7-46B3-A559-C50C9100FB17}.Debug|x86.Build.0 = Debug|Any CPU
		{D2EE150B-0DD7-46B3-A559-C50C9100FB17}.Release|Any CPU.ActiveCfg = Release|Any CPU
		{D2EE150B-0DD7-46B3-A559-C50C9100FB17}.Release|Any CPU.Build.0 = Release|Any CPU
		{D2EE150B-0DD7-46B3-A559-C50C9100FB17}.Release|x64.ActiveCfg = Release|Any CPU
		{D2EE150B-0DD7-46B3-A559-C50C9100FB17}.Release|x64.Build.0 = Release|Any CPU
		{D2EE150B-0DD7-46B3-A559-C50C9100FB17}.Release|x86.ActiveCfg = Release|Any CPU
		{D2EE150B-0DD7-46B3-A559-C50C9100FB17}.Release|x86.Build.0 = Release|Any CPU
		{FADBFA88-3332-4508-973C-AA42475CDE6D}.Debug|Any CPU.ActiveCfg = Debug|Any CPU
		{FADBFA88-3332-4508-973C-AA42475CDE6D}.Debug|Any CPU.Build.0 = Debug|Any CPU
		{FADBFA88-3332-4508-973C-AA42475CDE6D}.Debug|x64.ActiveCfg = Debug|Any CPU
		{FADBFA88-3332-4508-973C-AA42475CDE6D}.Debug|x64.Build.0 = Debug|Any CPU
		{FADBFA88-3332-4508-973C-AA42475CDE6D}.Debug|x86.ActiveCfg = Debug|Any CPU
		{FADBFA88-3332-4508-973C-AA42475CDE6D}.Debug|x86.Build.0 = Debug|Any CPU
		{FADBFA88-3332-4508-973C-AA42475CDE6D}.Release|Any CPU.ActiveCfg = Release|Any CPU
		{FADBFA88-3332-4508-973C-AA42475CDE6D}.Release|Any CPU.Build.0 = Release|Any CPU
		{FADBFA88-3332-4508-973C-AA42475CDE6D}.Release|x64.ActiveCfg = Release|Any CPU
		{FADBFA88-3332-4508-973C-AA42475CDE6D}.Release|x64.Build.0 = Release|Any CPU
		{FADBFA88-3332-4508-973C-AA42475CDE6D}.Release|x86.ActiveCfg = Release|Any CPU
		{FADBFA88-3332-4508-973C-AA42475CDE6D}.Release|x86.Build.0 = Release|Any CPU
		{BBF06F77-A09D-41F3-83AD-412A478BF4DC}.Debug|Any CPU.ActiveCfg = Debug|Any CPU
		{BBF06F77-A09D-41F3-83AD-412A478BF4DC}.Debug|Any CPU.Build.0 = Debug|Any CPU
		{BBF06F77-A09D-41F3-83AD-412A478BF4DC}.Debug|x64.ActiveCfg = Debug|Any CPU
		{BBF06F77-A09D-41F3-83AD-412A478BF4DC}.Debug|x64.Build.0 = Debug|Any CPU
		{BBF06F77-A09D-41F3-83AD-412A478BF4DC}.Debug|x86.ActiveCfg = Debug|Any CPU
		{BBF06F77-A09D-41F3-83AD-412A478BF4DC}.Debug|x86.Build.0 = Debug|Any CPU
		{BBF06F77-A09D-41F3-83AD-412A478BF4DC}.Release|Any CPU.ActiveCfg = Release|Any CPU
		{BBF06F77-A09D-41F3-83AD-412A478BF4DC}.Release|Any CPU.Build.0 = Release|Any CPU
		{BBF06F77-A09D-41F3-83AD-412A478BF4DC}.Release|x64.ActiveCfg = Release|Any CPU
		{BBF06F77-A09D-41F3-83AD-412A478BF4DC}.Release|x64.Build.0 = Release|Any CPU
		{BBF06F77-A09D-41F3-83AD-412A478BF4DC}.Release|x86.ActiveCfg = Release|Any CPU
		{BBF06F77-A09D-41F3-83AD-412A478BF4DC}.Release|x86.Build.0 = Release|Any CPU
	EndGlobalSection
	GlobalSection(NestedProjects) = preSolution
		{FA80F9C7-D43A-483B-8594-5AC83C81FB66} = {95EAE483-FA94-4845-890C-2D96020C4900}
		{C1D7121C-FF8E-40F0-BCE2-DB768AFB536E} = {95EAE483-FA94-4845-890C-2D96020C4900}
		{FB08AC33-2671-44A3-BF6E-65263A7881C4} = {95EAE483-FA94-4845-890C-2D96020C4900}
		{287C81EA-51AF-4540-B7D3-B7E7CC921195} = {95EAE483-FA94-4845-890C-2D96020C4900}
		{8B8B9306-141E-4579-90EE-275A94FB65B4} = {95EAE483-FA94-4845-890C-2D96020C4900}
		{1DA496DF-27FE-4337-872C-95DB7ECBA779} = {95EAE483-FA94-4845-890C-2D96020C4900}
		{02D6400F-A033-41A6-A02B-91EC38A4F40D} = {95EAE483-FA94-4845-890C-2D96020C4900}
		{84DA3B80-4AB3-4A90-89D2-47938B5DA48F} = {95EAE483-FA94-4845-890C-2D96020C4900}
		{2E2E0ABE-587C-4A43-9D73-9022C2FB3836} = {95EAE483-FA94-4845-890C-2D96020C4900}
		{FE45B573-D21F-4B33-89E3-C32CFC73DD7D} = {95EAE483-FA94-4845-890C-2D96020C4900}
		{D2EE150B-0DD7-46B3-A559-C50C9100FB17} = {95EAE483-FA94-4845-890C-2D96020C4900}
		{FADBFA88-3332-4508-973C-AA42475CDE6D} = {95EAE483-FA94-4845-890C-2D96020C4900}
		{BBF06F77-A09D-41F3-83AD-412A478BF4DC} = {7EFB81B0-4C92-449A-BD54-7033A131D97A}
	EndGlobalSection
EndGlobal
